
Microsoft Visual Studio Solution File, Format Version 12.00
# Visual Studio 14
VisualStudioVersion = 14.0.25420.1
MinimumVisualStudioVersion = 10.0.40219.1
Project("{FAE04EC0-301F-11D3-BF4B-00C04F79EFBC}") = "QuranLibrary", "QuranClass\QuranLibrary.csproj", "{D863C7B7-F8B1-4D5A-A7BD-078E8B2AC1B5}"
EndProject
Project("{FAE04EC0-301F-11D3-BF4B-00C04F79EFBC}") = "MakePageMp3s", "MakePageMp3s\MakePageMp3s.csproj", "{4D510814-E089-43A6-A776-ACD6DBE436A6}"
EndProject
Project("{2150E333-8FDC-42A3-9474-1A3956D46DE8}") = "Solution Items", "Solution Items", "{E83C7A3F-A1DE-4B80-90FB-37479E029B71}"
	ProjectSection(SolutionItems) = preProject
		Local.testsettings = Local.testsettings
		Quran.vsmdi = Quran.vsmdi
		TraceAndTestImpact.testsettings = TraceAndTestImpact.testsettings
	EndProjectSection
EndProject
Project("{FAE04EC0-301F-11D3-BF4B-00C04F79EFBC}") = "BinaryMiracleAnalysis", "BinaryMiracleAnalysis\BinaryMiracleAnalysis.csproj", "{C7703568-E7CA-4D1C-9E1D-439213A69DA8}"
EndProject
Global
	GlobalSection(SolutionConfigurationPlatforms) = preSolution
		Debug|Any CPU = Debug|Any CPU
		Release|Any CPU = Release|Any CPU
	EndGlobalSection
	GlobalSection(ProjectConfigurationPlatforms) = postSolution
		{D863C7B7-F8B1-4D5A-A7BD-078E8B2AC1B5}.Debug|Any CPU.ActiveCfg = Debug|Any CPU
		{D863C7B7-F8B1-4D5A-A7BD-078E8B2AC1B5}.Debug|Any CPU.Build.0 = Debug|Any CPU
		{D863C7B7-F8B1-4D5A-A7BD-078E8B2AC1B5}.Release|Any CPU.ActiveCfg = Release|Any CPU
		{D863C7B7-F8B1-4D5A-A7BD-078E8B2AC1B5}.Release|Any CPU.Build.0 = Release|Any CPU
		{4D510814-E089-43A6-A776-ACD6DBE436A6}.Debug|Any CPU.ActiveCfg = Debug|Any CPU
		{4D510814-E089-43A6-A776-ACD6DBE436A6}.Debug|Any CPU.Build.0 = Debug|Any CPU
		{4D510814-E089-43A6-A776-ACD6DBE436A6}.Release|Any CPU.ActiveCfg = Release|Any CPU
		{4D510814-E089-43A6-A776-ACD6DBE436A6}.Release|Any CPU.Build.0 = Release|Any CPU
		{C7703568-E7CA-4D1C-9E1D-439213A69DA8}.Debug|Any CPU.ActiveCfg = Debug|Any CPU
		{C7703568-E7CA-4D1C-9E1D-439213A69DA8}.Debug|Any CPU.Build.0 = Debug|Any CPU
		{C7703568-E7CA-4D1C-9E1D-439213A69DA8}.Release|Any CPU.ActiveCfg = Release|Any CPU
		{C7703568-E7CA-4D1C-9E1D-439213A69DA8}.Release|Any CPU.Build.0 = Release|Any CPU
	EndGlobalSection
	GlobalSection(SolutionProperties) = preSolution
		HideSolutionNode = FALSE
	EndGlobalSection
	GlobalSection(TestCaseManagementSettings) = postSolution
		CategoryFile = Quran.vsmdi
	EndGlobalSection
EndGlobal
